
Microsoft Visual Studio Solution File, Format Version 12.00
# Visual Studio Version 17
VisualStudioVersion = 17.10.35027.167
MinimumVisualStudioVersion = 10.0.40219.1
Project("{FAE04EC0-301F-11D3-BF4B-00C04F79EFBC}") = "CommerceCubic", "CommerceCubic\CommerceCubic.csproj", "{E48EF44E-606C-47A3-9406-85ED834D7917}"
EndProject
Project("{FAE04EC0-301F-11D3-BF4B-00C04F79EFBC}") = "DataLayer", "DataLayer\DataLayer.csproj", "{9DC3F368-5A61-4927-8F03-52CE361D6519}"
EndProject
Project("{FAE04EC0-301F-11D3-BF4B-00C04F79EFBC}") = "Business", "Business\Business.csproj", "{5CEF9FCE-4B87-4C2E-AD93-7C707093B4A1}"
EndProject
Global
	GlobalSection(SolutionConfigurationPlatforms) = preSolution
		Debug|Any CPU = Debug|Any CPU
		Release|Any CPU = Release|Any CPU
	EndGlobalSection
	GlobalSection(ProjectConfigurationPlatforms) = postSolution
		{E48EF44E-606C-47A3-9406-85ED834D7917}.Debug|Any CPU.ActiveCfg = Debug|Any CPU
		{E48EF44E-606C-47A3-9406-85ED834D7917}.Debug|Any CPU.Build.0 = Debug|Any CPU
		{E48EF44E-606C-47A3-9406-85ED834D7917}.Release|Any CPU.ActiveCfg = Release|Any CPU
		{E48EF44E-606C-47A3-9406-85ED834D7917}.Release|Any CPU.Build.0 = Release|Any CPU
		{9DC3F368-5A61-4927-8F03-52CE361D6519}.Debug|Any CPU.ActiveCfg = Debug|Any CPU
		{9DC3F368-5A61-4927-8F03-52CE361D6519}.Debug|Any CPU.Build.0 = Debug|Any CPU
		{9DC3F368-5A61-4927-8F03-52CE361D6519}.Release|Any CPU.ActiveCfg = Release|Any CPU
		{9DC3F368-5A61-4927-8F03-52CE361D6519}.Release|Any CPU.Build.0 = Release|Any CPU
		{5CEF9FCE-4B87-4C2E-AD93-7C707093B4A1}.Debug|Any CPU.ActiveCfg = Debug|Any CPU
		{5CEF9FCE-4B87-4C2E-AD93-7C707093B4A1}.Debug|Any CPU.Build.0 = Debug|Any CPU
		{5CEF9FCE-4B87-4C2E-AD93-7C707093B4A1}.Release|Any CPU.ActiveCfg = Release|Any CPU
		{5CEF9FCE-4B87-4C2E-AD93-7C707093B4A1}.Release|Any CPU.Build.0 = Release|Any CPU
	EndGlobalSection
	GlobalSection(SolutionProperties) = preSolution
		HideSolutionNode = FALSE
	EndGlobalSection
	GlobalSection(ExtensibilityGlobals) = postSolution
		SolutionGuid = {208F7CAA-FF00-4DE7-8118-22A71F44AD62}
	EndGlobalSection
EndGlobal
